Microsoft Visual Studio Solution File, Format Version 12.00
# Visual Studio Version 17
VisualStudioVersion = 17.5.2.0
MinimumVisualStudioVersion = 10.0.40219.1
Project("{FAE04EC0-301F-11D3-BF4B-00C04F79EFBC}") = "AtivoPlusFrontend", "AtivoPlusFrontend.csproj", "{D16E336A-3D9D-8BAC-D2B7-DC2EE03B45AA}"
EndProject
Global
	GlobalSection(SolutionConfigurationPlatforms) = preSolution
		Debug|Any CPU = Debug|Any CPU
		Release|Any CPU = Release|Any CPU
	EndGlobalSection
	GlobalSection(ProjectConfigurationPlatforms) = postSolution
		{D16E336A-3D9D-8BAC-D2B7-DC2EE03B45AA}.Debug|Any CPU.ActiveCfg = Debug|Any CPU
		{D16E336A-3D9D-8BAC-D2B7-DC2EE03B45AA}.Debug|Any CPU.Build.0 = Debug|Any CPU
		{D16E336A-3D9D-8BAC-D2B7-DC2EE03B45AA}.Release|Any CPU.ActiveCfg = Release|Any CPU
		{D16E336A-3D9D-8BAC-D2B7-DC2EE03B45AA}.Release|Any CPU.Build.0 = Release|Any CPU
	EndGlobalSection
	GlobalSection(SolutionProperties) = preSolution
		HideSolutionNode = FALSE
	EndGlobalSection
	GlobalSection(ExtensibilityGlobals) = postSolution
		SolutionGuid = {1AC5667D-D5DB-4FE1-8286-4CB0150CE775}
	EndGlobalSection
EndGlobal
